
Microsoft Visual Studio Solution File, Format Version 12.00
# Visual Studio 15
VisualStudioVersion = 15.0.26730.15
MinimumVisualStudioVersion = 10.0.40219.1
Project("{FAE04EC0-301F-11D3-BF4B-00C04F79EFBC}") = "WebMVCClient", "WebMVCClient\WebMVCClient.csproj", "{1E6CF13D-687C-4A66-9E22-82B52C4B98BB}"
EndProject
Global
	GlobalSection(SolutionConfigurationPlatforms) = preSolution
		Debug|Any CPU = Debug|Any CPU
		Release|Any CPU = Release|Any CPU
	EndGlobalSection
	GlobalSection(ProjectConfigurationPlatforms) = postSolution
		{1E6CF13D-687C-4A66-9E22-82B52C4B98BB}.Debug|Any CPU.ActiveCfg = Debug|Any CPU
		{1E6CF13D-687C-4A66-9E22-82B52C4B98BB}.Debug|Any CPU.Build.0 = Debug|Any CPU
		{1E6CF13D-687C-4A66-9E22-82B52C4B98BB}.Release|Any CPU.ActiveCfg = Release|Any CPU
		{1E6CF13D-687C-4A66-9E22-82B52C4B98BB}.Release|Any CPU.Build.0 = Release|Any CPU
	EndGlobalSection
	GlobalSection(SolutionProperties) = preSolution
		HideSolutionNode = FALSE
	EndGlobalSection
	GlobalSection(ExtensibilityGlobals) = postSolution
		SolutionGuid = {916439AC-104D-4C8D-8F38-D63B004B8846}
	EndGlobalSection
EndGlobal
